// !$*UTF8*$!
{
	archiveVersion = 1;
	classes = {
	};
	objectVersion = 56;
	objects = {

/* Begin PBXBuildFile section */
		D500016A290ECCA600CE76BB /* AuthViewModel.swift in Sources */ = {isa = PBXBuildFile; fileRef = D5000169290ECCA600CE76BB /* AuthViewModel.swift */; };
		D500016D290FB5BC00CE76BB /* User.swift in Sources */ = {isa = PBXBuildFile; fileRef = D500016C290FB5BC00CE76BB /* User.swift */; };
		D5000174290FE68700CE76BB /* MainTabBarController.swift in Sources */ = {isa = PBXBuildFile; fileRef = D5000173290FE68700CE76BB /* MainTabBarController.swift */; };
		D5000182290FEBC600CE76BB /* ProfileViewController.swift in Sources */ = {isa = PBXBuildFile; fileRef = D5000180290FEBC600CE76BB /* ProfileViewController.swift */; };
		D5000183290FEBC600CE76BB /* ProfileViewController.xib in Resources */ = {isa = PBXBuildFile; fileRef = D5000181290FEBC600CE76BB /* ProfileViewController.xib */; };
		D50F1A7A290DB3F500706947 /* GoogleService-Info.plist in Resources */ = {isa = PBXBuildFile; fileRef = D50F1A79290DB3F400706947 /* GoogleService-Info.plist */; };
		D50F1A7B290DB3F500706947 /* GoogleService-Info.plist in Resources */ = {isa = PBXBuildFile; fileRef = D50F1A79290DB3F400706947 /* GoogleService-Info.plist */; };
		D50F1A7C290DB3F500706947 /* GoogleService-Info.plist in Resources */ = {isa = PBXBuildFile; fileRef = D50F1A79290DB3F400706947 /* GoogleService-Info.plist */; };
		D52157C3291856E900EA1D46 /* FirebaseAuthAccesible.swift in Sources */ = {isa = PBXBuildFile; fileRef = D52157C2291856E900EA1D46 /* FirebaseAuthAccesible.swift */; };
		D537166D2909C1C7007F1A7A /* OnboardingViewController.swift in Sources */ = {isa = PBXBuildFile; fileRef = D537166B2909C1C7007F1A7A /* OnboardingViewController.swift */; };
		D53716712909C7A1007F1A7A /* OnboardingView.swift in Sources */ = {isa = PBXBuildFile; fileRef = D53716702909C7A1007F1A7A /* OnboardingView.swift */; };
		D53716732909C7B1007F1A7A /* OnboardingView.xib in Resources */ = {isa = PBXBuildFile; fileRef = D53716722909C7B1007F1A7A /* OnboardingView.xib */; };
		D55242402918033C0006821B /* BasketViewController.swift in Sources */ = {isa = PBXBuildFile; fileRef = D552423F2918033C0006821B /* BasketViewController.swift */; };
		D55242422918074D0006821B /* BasketViewModel.swift in Sources */ = {isa = PBXBuildFile; fileRef = D55242412918074C0006821B /* BasketViewModel.swift */; };
		D552424529181EE40006821B /* CGFloat+Extensions.swift in Sources */ = {isa = PBXBuildFile; fileRef = D552424429181EE40006821B /* CGFloat+Extensions.swift */; };
		D552424729181F270006821B /* FireBaseFireStoreAccessible.swift in Sources */ = {isa = PBXBuildFile; fileRef = D552424629181F270006821B /* FireBaseFireStoreAccessible.swift */; };
		D552424929181F660006821B /* UserDefaultsAccessible.swift in Sources */ = {isa = PBXBuildFile; fileRef = D552424829181F660006821B /* UserDefaultsAccessible.swift */; };
		D552424C29181FB90006821B /* UserDefaultConstants.swift in Sources */ = {isa = PBXBuildFile; fileRef = D552424B29181FB90006821B /* UserDefaultConstants.swift */; };
		D578600729113FC400E97EC6 /* ShoppingAppAPI.framework in Frameworks */ = {isa = PBXBuildFile; fileRef = D578600629113FC400E97EC6 /* ShoppingAppAPI.framework */; };
		D578600829113FC400E97EC6 /* ShoppingAppAPI.framework in Embed Frameworks */ = {isa = PBXBuildFile; fileRef = D578600629113FC400E97EC6 /* ShoppingAppAPI.framework */; settings = {ATTRIBUTES = (CodeSignOnCopy, RemoveHeadersOnCopy, ); }; };
		D578600E291143AF00E97EC6 /* Product.swift in Sources */ = {isa = PBXBuildFile; fileRef = D578600D291143AF00E97EC6 /* Product.swift */; };
		D5786011291148C500E97EC6 /* ProductViewModel.swift in Sources */ = {isa = PBXBuildFile; fileRef = D5786010291148C500E97EC6 /* ProductViewModel.swift */; };
		D57860152912491100E97EC6 /* ProductsCollectionViewCell.swift in Sources */ = {isa = PBXBuildFile; fileRef = D57860132912491100E97EC6 /* ProductsCollectionViewCell.swift */; };
		D57860162912491100E97EC6 /* ProductsCollectionViewCell.xib in Resources */ = {isa = PBXBuildFile; fileRef = D57860142912491100E97EC6 /* ProductsCollectionViewCell.xib */; };
		D589C8E3290A872E005B4E08 /* OnboardingViewController.xib in Resources */ = {isa = PBXBuildFile; fileRef = D589C8E2290A872E005B4E08 /* OnboardingViewController.xib */; };
		D5B6048D2917B545005B8786 /* SearchView.swift in Sources */ = {isa = PBXBuildFile; fileRef = D5B6048C2917B545005B8786 /* SearchView.swift */; };
		D5B604902917B60A005B8786 /* SearchCollectionViewCell.swift in Sources */ = {isa = PBXBuildFile; fileRef = D5B6048F2917B60A005B8786 /* SearchCollectionViewCell.swift */; };
		D5B604932917B6AF005B8786 /* SnapKit in Frameworks */ = {isa = PBXBuildFile; productRef = D5B604922917B6AF005B8786 /* SnapKit */; };
		D5B604972917BC3A005B8786 /* SearchProductsViewModel.swift in Sources */ = {isa = PBXBuildFile; fileRef = D5B604962917BC3A005B8786 /* SearchProductsViewModel.swift */; };
		D5B6049D2917F77C005B8786 /* SearchProductsViewController.swift in Sources */ = {isa = PBXBuildFile; fileRef = D5B6049C2917F77C005B8786 /* SearchProductsViewController.swift */; };
		D5BC70FD29143FB100D1A11E /* AlertManager.swift in Sources */ = {isa = PBXBuildFile; fileRef = D5BC70FC29143FB100D1A11E /* AlertManager.swift */; };
		D5BC71012914F38700D1A11E /* CustomViewModel.swift in Sources */ = {isa = PBXBuildFile; fileRef = D5BC71002914F38700D1A11E /* CustomViewModel.swift */; };
		D5BC7103291544D700D1A11E /* ProductControllerView+UICollectionViewDelegate.swift in Sources */ = {isa = PBXBuildFile; fileRef = D5BC7102291544D700D1A11E /* ProductControllerView+UICollectionViewDelegate.swift */; };
		D5BC71052915456300D1A11E /* ProductViewController+UICollectionViewDataSource.swift in Sources */ = {isa = PBXBuildFile; fileRef = D5BC71042915456300D1A11E /* ProductViewController+UICollectionViewDataSource.swift */; };
		D5BC7108291560E800D1A11E /* Kingfisher in Frameworks */ = {isa = PBXBuildFile; productRef = D5BC7107291560E800D1A11E /* Kingfisher */; };
		D5C1E78F29158CF00064B663 /* ProductSheetViewController.swift in Sources */ = {isa = PBXBuildFile; fileRef = D5C1E78D29158CF00064B663 /* ProductSheetViewController.swift */; };
		D5C1E79029158CF00064B663 /* ProductSheetViewController.xib in Resources */ = {isa = PBXBuildFile; fileRef = D5C1E78E29158CF00064B663 /* ProductSheetViewController.xib */; };
		D5C1E7922915E4F90064B663 /* ProductSheetViewModel.swift in Sources */ = {isa = PBXBuildFile; fileRef = D5C1E7912915E4F90064B663 /* ProductSheetViewModel.swift */; };
		D5C4B6A8290C8D290024BA17 /* AuthViewController.swift in Sources */ = {isa = PBXBuildFile; fileRef = D5C4B6A6290C8D290024BA17 /* AuthViewController.swift */; };
		D5C4B6A9290C8D290024BA17 /* AuthViewController.xib in Resources */ = {isa = PBXBuildFile; fileRef = D5C4B6A7290C8D290024BA17 /* AuthViewController.xib */; };
		D5C4B6AE290DA3D90024BA17 /* Shopping App info.plist in Resources */ = {isa = PBXBuildFile; fileRef = D5C4B6AD290DA3D90024BA17 /* Shopping App info.plist */; };
		D5C4B6B1290DA5F90024BA17 /* FirebaseAuth in Frameworks */ = {isa = PBXBuildFile; productRef = D5C4B6B0290DA5F90024BA17 /* FirebaseAuth */; };
		D5C4B6B3290DA5F90024BA17 /* FirebaseDatabaseSwift in Frameworks */ = {isa = PBXBuildFile; productRef = D5C4B6B2290DA5F90024BA17 /* FirebaseDatabaseSwift */; };
		D5C4B6B5290DA5F90024BA17 /* FirebaseFirestoreSwift in Frameworks */ = {isa = PBXBuildFile; productRef = D5C4B6B4290DA5F90024BA17 /* FirebaseFirestoreSwift */; };
		D5C4B6B7290DA5F90024BA17 /* FirebaseRemoteConfigSwift in Frameworks */ = {isa = PBXBuildFile; productRef = D5C4B6B6290DA5F90024BA17 /* FirebaseRemoteConfigSwift */; };
		D5C4B6B9290DA5F90024BA17 /* FirebaseStorage in Frameworks */ = {isa = PBXBuildFile; productRef = D5C4B6B8290DA5F90024BA17 /* FirebaseStorage */; };
		D5EF7E5E29128E7D0044BCF5 /* ProductViewController.swift in Sources */ = {isa = PBXBuildFile; fileRef = D5EF7E5C29128E7D0044BCF5 /* ProductViewController.swift */; };
		D5EF7E5F29128E7D0044BCF5 /* ProductViewController.xib in Resources */ = {isa = PBXBuildFile; fileRef = D5EF7E5D29128E7D0044BCF5 /* ProductViewController.xib */; };
		D5F33A06290985D90036EAD5 /* AppDelegate.swift in Sources */ = {isa = PBXBuildFile; fileRef = D5F33A05290985D90036EAD5 /* AppDelegate.swift */; };
		D5F33A08290985D90036EAD5 /* SceneDelegate.swift in Sources */ = {isa = PBXBuildFile; fileRef = D5F33A07290985D90036EAD5 /* SceneDelegate.swift */; };
		D5F33A0A290985D90036EAD5 /* ViewController.swift in Sources */ = {isa = PBXBuildFile; fileRef = D5F33A09290985D90036EAD5 /* ViewController.swift */; };
		D5F33A0D290985D90036EAD5 /* Main.storyboard in Resources */ = {isa = PBXBuildFile; fileRef = D5F33A0B290985D90036EAD5 /* Main.storyboard */; };
		D5F33A10290985D90036EAD5 /* Shopping_App_Pazarama.xcdatamodeld in Sources */ = {isa = PBXBuildFile; fileRef = D5F33A0E290985D90036EAD5 /* Shopping_App_Pazarama.xcdatamodeld */; };
		D5F33A12290985DA0036EAD5 /* Assets.xcassets in Resources */ = {isa = PBXBuildFile; fileRef = D5F33A11290985DA0036EAD5 /* Assets.xcassets */; };
		D5F33A15290985DA0036EAD5 /* LaunchScreen.storyboard in Resources */ = {isa = PBXBuildFile; fileRef = D5F33A13290985DA0036EAD5 /* LaunchScreen.storyboard */; };
		D5F33A20290985DA0036EAD5 /* Shopping_App_PazaramaTests.swift in Sources */ = {isa = PBXBuildFile; fileRef = D5F33A1F290985DA0036EAD5 /* Shopping_App_PazaramaTests.swift */; };
		D5F33A2A290985DA0036EAD5 /* Shopping_App_PazaramaUITests.swift in Sources */ = {isa = PBXBuildFile; fileRef = D5F33A29290985DA0036EAD5 /* Shopping_App_PazaramaUITests.swift */; };
		D5F33A2C290985DA0036EAD5 /* Shopping_App_PazaramaUITestsLaunchTests.swift in Sources */ = {isa = PBXBuildFile; fileRef = D5F33A2B290985DA0036EAD5 /* Shopping_App_PazaramaUITestsLaunchTests.swift */; };
/* End PBXBuildFile section */

/* Begin PBXContainerItemProxy section */
		D5F33A1C290985DA0036EAD5 /* PBXContainerItemProxy */ = {
			isa = PBXContainerItemProxy;
			containerPortal = D5F339FA290985D90036EAD5 /* Project object */;
			proxyType = 1;
			remoteGlobalIDString = D5F33A01290985D90036EAD5;
			remoteInfo = "Shopping-App-Pazarama";
		};
		D5F33A26290985DA0036EAD5 /* PBXContainerItemProxy */ = {
			isa = PBXContainerItemProxy;
			containerPortal = D5F339FA290985D90036EAD5 /* Project object */;
			proxyType = 1;
			remoteGlobalIDString = D5F33A01290985D90036EAD5;
			remoteInfo = "Shopping-App-Pazarama";
		};
/* End PBXContainerItemProxy section */

/* Begin PBXCopyFilesBuildPhase section */
		D578600929113FC500E97EC6 /* Embed Frameworks */ = {
			isa = PBXCopyFilesBuildPhase;
			buildActionMask = 2147483647;
			dstPath = "";
			dstSubfolderSpec = 10;
			files = (
				D578600829113FC400E97EC6 /* ShoppingAppAPI.framework in Embed Frameworks */,
			);
			name = "Embed Frameworks";
			runOnlyForDeploymentPostprocessing = 0;
		};
/* End PBXCopyFilesBuildPhase section */

/* Begin PBXFileReference section */
		D5000169290ECCA600CE76BB /* AuthViewModel.swift */ = {isa = PBXFileReference; lastKnownFileType = sourcecode.swift; path = AuthViewModel.swift; sourceTree = "<group>"; };
		D500016C290FB5BC00CE76BB /* User.swift */ = {isa = PBXFileReference; lastKnownFileType = sourcecode.swift; path = User.swift; sourceTree = "<group>"; };
		D5000173290FE68700CE76BB /* MainTabBarController.swift */ = {isa = PBXFileReference; lastKnownFileType = sourcecode.swift; path = MainTabBarController.swift; sourceTree = "<group>"; };
		D5000180290FEBC600CE76BB /* ProfileViewController.swift */ = {isa = PBXFileReference; lastKnownFileType = sourcecode.swift; path = ProfileViewController.swift; sourceTree = "<group>"; };
		D5000181290FEBC600CE76BB /* ProfileViewController.xib */ = {isa = PBXFileReference; lastKnownFileType = file.xib; path = ProfileViewController.xib; sourceTree = "<group>"; };
		D50F1A79290DB3F400706947 /* GoogleService-Info.plist */ = {isa = PBXFileReference; fileEncoding = 4; lastKnownFileType = text.plist.xml; path = "GoogleService-Info.plist"; sourceTree = "<group>"; };
		D52157C2291856E900EA1D46 /* FirebaseAuthAccesible.swift */ = {isa = PBXFileReference; lastKnownFileType = sourcecode.swift; path = FirebaseAuthAccesible.swift; sourceTree = "<group>"; };
		D537166B2909C1C7007F1A7A /* OnboardingViewController.swift */ = {isa = PBXFileReference; lastKnownFileType = sourcecode.swift; path = OnboardingViewController.swift; sourceTree = "<group>"; };
		D53716702909C7A1007F1A7A /* OnboardingView.swift */ = {isa = PBXFileReference; lastKnownFileType = sourcecode.swift; path = OnboardingView.swift; sourceTree = "<group>"; };
		D53716722909C7B1007F1A7A /* OnboardingView.xib */ = {isa = PBXFileReference; lastKnownFileType = file.xib; path = OnboardingView.xib; sourceTree = "<group>"; };
		D552423F2918033C0006821B /* BasketViewController.swift */ = {isa = PBXFileReference; lastKnownFileType = sourcecode.swift; path = BasketViewController.swift; sourceTree = "<group>"; };
		D55242412918074C0006821B /* BasketViewModel.swift */ = {isa = PBXFileReference; lastKnownFileType = sourcecode.swift; path = BasketViewModel.swift; sourceTree = "<group>"; };
		D552424429181EE40006821B /* CGFloat+Extensions.swift */ = {isa = PBXFileReference; lastKnownFileType = sourcecode.swift; path = "CGFloat+Extensions.swift"; sourceTree = "<group>"; };
		D552424629181F270006821B /* FireBaseFireStoreAccessible.swift */ = {isa = PBXFileReference; lastKnownFileType = sourcecode.swift; path = FireBaseFireStoreAccessible.swift; sourceTree = "<group>"; };
		D552424829181F660006821B /* UserDefaultsAccessible.swift */ = {isa = PBXFileReference; lastKnownFileType = sourcecode.swift; path = UserDefaultsAccessible.swift; sourceTree = "<group>"; };
		D552424B29181FB90006821B /* UserDefaultConstants.swift */ = {isa = PBXFileReference; lastKnownFileType = sourcecode.swift; path = UserDefaultConstants.swift; sourceTree = "<group>"; };
		D578600629113FC400E97EC6 /* ShoppingAppAPI.framework */ = {isa = PBXFileReference; explicitFileType = wrapper.framework; path = ShoppingAppAPI.framework; sourceTree = BUILT_PRODUCTS_DIR; };
		D578600D291143AF00E97EC6 /* Product.swift */ = {isa = PBXFileReference; lastKnownFileType = sourcecode.swift; path = Product.swift; sourceTree = "<group>"; };
		D5786010291148C500E97EC6 /* ProductViewModel.swift */ = {isa = PBXFileReference; lastKnownFileType = sourcecode.swift; path = ProductViewModel.swift; sourceTree = "<group>"; };
		D57860132912491100E97EC6 /* ProductsCollectionViewCell.swift */ = {isa = PBXFileReference; lastKnownFileType = sourcecode.swift; path = ProductsCollectionViewCell.swift; sourceTree = "<group>"; };
		D57860142912491100E97EC6 /* ProductsCollectionViewCell.xib */ = {isa = PBXFileReference; lastKnownFileType = file.xib; path = ProductsCollectionViewCell.xib; sourceTree = "<group>"; };
		D589C8E2290A872E005B4E08 /* OnboardingViewController.xib */ = {isa = PBXFileReference; fileEncoding = 4; lastKnownFileType = file.xib; path = OnboardingViewController.xib; sourceTree = "<group>"; };
		D5B6048C2917B545005B8786 /* SearchView.swift */ = {isa = PBXFileReference; lastKnownFileType = sourcecode.swift; path = SearchView.swift; sourceTree = "<group>"; };
		D5B6048F2917B60A005B8786 /* SearchCollectionViewCell.swift */ = {isa = PBXFileReference; lastKnownFileType = sourcecode.swift; path = SearchCollectionViewCell.swift; sourceTree = "<group>"; };
		D5B604962917BC3A005B8786 /* SearchProductsViewModel.swift */ = {isa = PBXFileReference; lastKnownFileType = sourcecode.swift; path = SearchProductsViewModel.swift; sourceTree = "<group>"; };
		D5B6049C2917F77C005B8786 /* SearchProductsViewController.swift */ = {isa = PBXFileReference; lastKnownFileType = sourcecode.swift; path = SearchProductsViewController.swift; sourceTree = "<group>"; };
		D5BC70FC29143FB100D1A11E /* AlertManager.swift */ = {isa = PBXFileReference; lastKnownFileType = sourcecode.swift; path = AlertManager.swift; sourceTree = "<group>"; };
		D5BC71002914F38700D1A11E /* CustomViewModel.swift */ = {isa = PBXFileReference; lastKnownFileType = sourcecode.swift; path = CustomViewModel.swift; sourceTree = "<group>"; };
		D5BC7102291544D700D1A11E /* ProductControllerView+UICollectionViewDelegate.swift */ = {isa = PBXFileReference; lastKnownFileType = sourcecode.swift; path = "ProductControllerView+UICollectionViewDelegate.swift"; sourceTree = "<group>"; };
		D5BC71042915456300D1A11E /* ProductViewController+UICollectionViewDataSource.swift */ = {isa = PBXFileReference; lastKnownFileType = sourcecode.swift; path = "ProductViewController+UICollectionViewDataSource.swift"; sourceTree = "<group>"; };
		D5C1E78D29158CF00064B663 /* ProductSheetViewController.swift */ = {isa = PBXFileReference; lastKnownFileType = sourcecode.swift; path = ProductSheetViewController.swift; sourceTree = "<group>"; };
		D5C1E78E29158CF00064B663 /* ProductSheetViewController.xib */ = {isa = PBXFileReference; lastKnownFileType = file.xib; path = ProductSheetViewController.xib; sourceTree = "<group>"; };
		D5C1E7912915E4F90064B663 /* ProductSheetViewModel.swift */ = {isa = PBXFileReference; lastKnownFileType = sourcecode.swift; path = ProductSheetViewModel.swift; sourceTree = "<group>"; };
		D5C4B6A6290C8D290024BA17 /* AuthViewController.swift */ = {isa = PBXFileReference; lastKnownFileType = sourcecode.swift; path = AuthViewController.swift; sourceTree = "<group>"; };
		D5C4B6A7290C8D290024BA17 /* AuthViewController.xib */ = {isa = PBXFileReference; lastKnownFileType = file.xib; path = AuthViewController.xib; sourceTree = "<group>"; };
		D5C4B6AD290DA3D90024BA17 /* Shopping App info.plist */ = {isa = PBXFileReference; fileEncoding = 4; lastKnownFileType = text.plist.xml; path = "Shopping App info.plist"; sourceTree = "<group>"; };
		D5EF7E5C29128E7D0044BCF5 /* ProductViewController.swift */ = {isa = PBXFileReference; lastKnownFileType = sourcecode.swift; path = ProductViewController.swift; sourceTree = "<group>"; };
		D5EF7E5D29128E7D0044BCF5 /* ProductViewController.xib */ = {isa = PBXFileReference; lastKnownFileType = file.xib; path = ProductViewController.xib; sourceTree = "<group>"; };
		D5F33A02290985D90036EAD5 /* Shopping-App-Pazarama.app */ = {isa = PBXFileReference; explicitFileType = wrapper.application; includeInIndex = 0; path = "Shopping-App-Pazarama.app"; sourceTree = BUILT_PRODUCTS_DIR; };
		D5F33A05290985D90036EAD5 /* AppDelegate.swift */ = {isa = PBXFileReference; lastKnownFileType = sourcecode.swift; path = AppDelegate.swift; sourceTree = "<group>"; };
		D5F33A07290985D90036EAD5 /* SceneDelegate.swift */ = {isa = PBXFileReference; lastKnownFileType = sourcecode.swift; path = SceneDelegate.swift; sourceTree = "<group>"; };
		D5F33A09290985D90036EAD5 /* ViewController.swift */ = {isa = PBXFileReference; lastKnownFileType = sourcecode.swift; path = ViewController.swift; sourceTree = "<group>"; };
		D5F33A0C290985D90036EAD5 /* Base */ = {isa = PBXFileReference; lastKnownFileType = file.storyboard; name = Base; path = Base.lproj/Main.storyboard; sourceTree = "<group>"; };
		D5F33A0F290985D90036EAD5 /* Shopping_App_Pazarama.xcdatamodel */ = {isa = PBXFileReference; lastKnownFileType = wrapper.xcdatamodel; path = Shopping_App_Pazarama.xcdatamodel; sourceTree = "<group>"; };
		D5F33A11290985DA0036EAD5 /* Assets.xcassets */ = {isa = PBXFileReference; lastKnownFileType = folder.assetcatalog; path = Assets.xcassets; sourceTree = "<group>"; };
		D5F33A14290985DA0036EAD5 /* Base */ = {isa = PBXFileReference; lastKnownFileType = file.storyboard; name = Base; path = Base.lproj/LaunchScreen.storyboard; sourceTree = "<group>"; };
		D5F33A16290985DA0036EAD5 /* Info.plist */ = {isa = PBXFileReference; lastKnownFileType = text.plist.xml; path = Info.plist; sourceTree = "<group>"; };
		D5F33A1B290985DA0036EAD5 /* Shopping-App-PazaramaTests.xctest */ = {isa = PBXFileReference; explicitFileType = wrapper.cfbundle; includeInIndex = 0; path = "Shopping-App-PazaramaTests.xctest"; sourceTree = BUILT_PRODUCTS_DIR; };
		D5F33A1F290985DA0036EAD5 /* Shopping_App_PazaramaTests.swift */ = {isa = PBXFileReference; lastKnownFileType = sourcecode.swift; path = Shopping_App_PazaramaTests.swift; sourceTree = "<group>"; };
		D5F33A25290985DA0036EAD5 /* Shopping-App-PazaramaUITests.xctest */ = {isa = PBXFileReference; explicitFileType = wrapper.cfbundle; includeInIndex = 0; path = "Shopping-App-PazaramaUITests.xctest"; sourceTree = BUILT_PRODUCTS_DIR; };
		D5F33A29290985DA0036EAD5 /* Shopping_App_PazaramaUITests.swift */ = {isa = PBXFileReference; lastKnownFileType = sourcecode.swift; path = Shopping_App_PazaramaUITests.swift; sourceTree = "<group>"; };
		D5F33A2B290985DA0036EAD5 /* Shopping_App_PazaramaUITestsLaunchTests.swift */ = {isa = PBXFileReference; lastKnownFileType = sourcecode.swift; path = Shopping_App_PazaramaUITestsLaunchTests.swift; sourceTree = "<group>"; };
/* End PBXFileReference section */

/* Begin PBXFrameworksBuildPhase section */
		D5F339FF290985D90036EAD5 /* Frameworks */ = {
			isa = PBXFrameworksBuildPhase;
			buildActionMask = 2147483647;
			files = (
				D5C4B6B3290DA5F90024BA17 /* FirebaseDatabaseSwift in Frameworks */,
				D5B604932917B6AF005B8786 /* SnapKit in Frameworks */,
				D5C4B6B7290DA5F90024BA17 /* FirebaseRemoteConfigSwift in Frameworks */,
				D5BC7108291560E800D1A11E /* Kingfisher in Frameworks */,
				D5C4B6B1290DA5F90024BA17 /* FirebaseAuth in Frameworks */,
				D578600729113FC400E97EC6 /* ShoppingAppAPI.framework in Frameworks */,
				D5C4B6B9290DA5F90024BA17 /* FirebaseStorage in Frameworks */,
				D5C4B6B5290DA5F90024BA17 /* FirebaseFirestoreSwift in Frameworks */,
			);
			runOnlyForDeploymentPostprocessing = 0;
		};
		D5F33A18290985DA0036EAD5 /* Frameworks */ = {
			isa = PBXFrameworksBuildPhase;
			buildActionMask = 2147483647;
			files = (
			);
			runOnlyForDeploymentPostprocessing = 0;
		};
		D5F33A22290985DA0036EAD5 /* Frameworks */ = {
			isa = PBXFrameworksBuildPhase;
			buildActionMask = 2147483647;
			files = (
			);
			runOnlyForDeploymentPostprocessing = 0;
		};
/* End PBXFrameworksBuildPhase section */

/* Begin PBXGroup section */
		D5000168290ECC7D00CE76BB /* ViewModel */ = {
			isa = PBXGroup;
			children = (
				D5000169290ECCA600CE76BB /* AuthViewModel.swift */,
			);
			path = ViewModel;
			sourceTree = "<group>";
		};
		D500016B290FB59400CE76BB /* Model */ = {
			isa = PBXGroup;
			children = (
				D500016C290FB5BC00CE76BB /* User.swift */,
			);
			path = Model;
			sourceTree = "<group>";
		};
		D500016E290FE5CF00CE76BB /* MainPage */ = {
			isa = PBXGroup;
			children = (
				D5000172290FE5F600CE76BB /* ViewController */,
				D5000171290FE5ED00CE76BB /* ViewModel */,
				D5000170290FE5E600CE76BB /* View */,
				D500016F290FE5D900CE76BB /* Model */,
			);
			path = MainPage;
			sourceTree = "<group>";
		};
		D500016F290FE5D900CE76BB /* Model */ = {
			isa = PBXGroup;
			children = (
			);
			path = Model;
			sourceTree = "<group>";
		};
		D5000170290FE5E600CE76BB /* View */ = {
			isa = PBXGroup;
			children = (
			);
			path = View;
			sourceTree = "<group>";
		};
		D5000171290FE5ED00CE76BB /* ViewModel */ = {
			isa = PBXGroup;
			children = (
			);
			path = ViewModel;
			sourceTree = "<group>";
		};
		D5000172290FE5F600CE76BB /* ViewController */ = {
			isa = PBXGroup;
			children = (
				D5000173290FE68700CE76BB /* MainTabBarController.swift */,
			);
			path = ViewController;
			sourceTree = "<group>";
		};
		D5000175290FEB2B00CE76BB /* Products */ = {
			isa = PBXGroup;
			children = (
				D578600F291148AB00E97EC6 /* ViewModel */,
				D578600C2911437B00E97EC6 /* Model */,
				D578600B2911425E00E97EC6 /* Controller */,
				D578600A2911424C00E97EC6 /* View */,
			);
			path = Products;
			sourceTree = "<group>";
		};
		D500017A290FEB9E00CE76BB /* Search */ = {
			isa = PBXGroup;
			children = (
				D5B604952917BB57005B8786 /* ModelView */,
				D5B604942917BB3E005B8786 /* Controller */,
				D5B6048E2917B5AE005B8786 /* View */,
			);
			path = Search;
			sourceTree = "<group>";
		};
		D500017F290FEBB200CE76BB /* Profile */ = {
			isa = PBXGroup;
			children = (
				D5000180290FEBC600CE76BB /* ProfileViewController.swift */,
				D5000181290FEBC600CE76BB /* ProfileViewController.xib */,
			);
			path = Profile;
			sourceTree = "<group>";
		};
		D537166F2909C677007F1A7A /* OnboardingView */ = {
			isa = PBXGroup;
			children = (
				D53716702909C7A1007F1A7A /* OnboardingView.swift */,
				D53716722909C7B1007F1A7A /* OnboardingView.xib */,
			);
			path = OnboardingView;
			sourceTree = "<group>";
		};
		D552423A291802E40006821B /* Basket */ = {
			isa = PBXGroup;
			children = (
				D552423E291803120006821B /* ViewModel */,
				D552423D2918030C0006821B /* Model */,
				D552423C291803070006821B /* Controller */,
				D552423B291802FE0006821B /* View */,
			);
			path = Basket;
			sourceTree = "<group>";
		};
		D552423B291802FE0006821B /* View */ = {
			isa = PBXGroup;
			children = (
			);
			path = View;
			sourceTree = "<group>";
		};
		D552423C291803070006821B /* Controller */ = {
			isa = PBXGroup;
			children = (
				D552423F2918033C0006821B /* BasketViewController.swift */,
			);
			path = Controller;
			sourceTree = "<group>";
		};
		D552423D2918030C0006821B /* Model */ = {
			isa = PBXGroup;
			children = (
			);
			path = Model;
			sourceTree = "<group>";
		};
		D552423E291803120006821B /* ViewModel */ = {
			isa = PBXGroup;
			children = (
				D55242412918074C0006821B /* BasketViewModel.swift */,
			);
			path = ViewModel;
			sourceTree = "<group>";
		};
		D552424329181EC70006821B /* Extensions */ = {
			isa = PBXGroup;
			children = (
				D552424429181EE40006821B /* CGFloat+Extensions.swift */,
				D552424629181F270006821B /* FireBaseFireStoreAccessible.swift */,
				D552424829181F660006821B /* UserDefaultsAccessible.swift */,
				D52157C2291856E900EA1D46 /* FirebaseAuthAccesible.swift */,
			);
			path = Extensions;
			sourceTree = "<group>";
		};
		D552424A29181FA80006821B /* Constants */ = {
			isa = PBXGroup;
			children = (
				D552424B29181FB90006821B /* UserDefaultConstants.swift */,
			);
			path = Constants;
			sourceTree = "<group>";
		};
		D578600529113FC400E97EC6 /* Frameworks */ = {
			isa = PBXGroup;
			children = (
				D578600629113FC400E97EC6 /* ShoppingAppAPI.framework */,
			);
			name = Frameworks;
			sourceTree = "<group>";
		};
		D578600A2911424C00E97EC6 /* View */ = {
			isa = PBXGroup;
			children = (
				D5EF7E5D29128E7D0044BCF5 /* ProductViewController.xib */,
				D5786012291248CF00E97EC6 /* ProductCollectionViewCell */,
			);
			path = View;
			sourceTree = "<group>";
		};
		D578600B2911425E00E97EC6 /* Controller */ = {
			isa = PBXGroup;
			children = (
				D5EF7E5C29128E7D0044BCF5 /* ProductViewController.swift */,
				D5BC7102291544D700D1A11E /* ProductControllerView+UICollectionViewDelegate.swift */,
				D5BC71042915456300D1A11E /* ProductViewController+UICollectionViewDataSource.swift */,
			);
			path = Controller;
			sourceTree = "<group>";
		};
		D578600C2911437B00E97EC6 /* Model */ = {
			isa = PBXGroup;
			children = (
				D578600D291143AF00E97EC6 /* Product.swift */,
			);
			path = Model;
			sourceTree = "<group>";
		};
		D578600F291148AB00E97EC6 /* ViewModel */ = {
			isa = PBXGroup;
			children = (
				D5786010291148C500E97EC6 /* ProductViewModel.swift */,
			);
			path = ViewModel;
			sourceTree = "<group>";
		};
		D5786012291248CF00E97EC6 /* ProductCollectionViewCell */ = {
			isa = PBXGroup;
			children = (
				D57860132912491100E97EC6 /* ProductsCollectionViewCell.swift */,
				D57860142912491100E97EC6 /* ProductsCollectionViewCell.xib */,
			);
			path = ProductCollectionViewCell;
			sourceTree = "<group>";
		};
		D5B6048E2917B5AE005B8786 /* View */ = {
			isa = PBXGroup;
			children = (
				D5B6048C2917B545005B8786 /* SearchView.swift */,
				D5B6048F2917B60A005B8786 /* SearchCollectionViewCell.swift */,
			);
			path = View;
			sourceTree = "<group>";
		};
		D5B604942917BB3E005B8786 /* Controller */ = {
			isa = PBXGroup;
			children = (
				D5B6049C2917F77C005B8786 /* SearchProductsViewController.swift */,
			);
			path = Controller;
			sourceTree = "<group>";
		};
		D5B604952917BB57005B8786 /* ModelView */ = {
			isa = PBXGroup;
			children = (
				D5B604962917BC3A005B8786 /* SearchProductsViewModel.swift */,
			);
			path = ModelView;
			sourceTree = "<group>";
		};
		D5BC70F829143F2E00D1A11E /* Delegates */ = {
			isa = PBXGroup;
			children = (
				D5F33A05290985D90036EAD5 /* AppDelegate.swift */,
				D5F33A07290985D90036EAD5 /* SceneDelegate.swift */,
			);
			path = Delegates;
			sourceTree = "<group>";
		};
		D5BC70F929143F3E00D1A11E /* Assets */ = {
			isa = PBXGroup;
			children = (
				D5F33A11290985DA0036EAD5 /* Assets.xcassets */,
			);
			path = Assets;
			sourceTree = "<group>";
		};
		D5BC70FA29143F7900D1A11E /* Plists */ = {
			isa = PBXGroup;
			children = (
			);
			path = Plists;
			sourceTree = "<group>";
		};
		D5BC70FB29143F8C00D1A11E /* Helpers */ = {
			isa = PBXGroup;
			children = (
				D5BC70FC29143FB100D1A11E /* AlertManager.swift */,
			);
			path = Helpers;
			sourceTree = "<group>";
		};
		D5BC70FE2914444B00D1A11E /* Core */ = {
			isa = PBXGroup;
			children = (
				D552424A29181FA80006821B /* Constants */,
				D552424329181EC70006821B /* Extensions */,
				D5BC70FF2914F36800D1A11E /* CustomComponents */,
				D5BC70FB29143F8C00D1A11E /* Helpers */,
			);
			path = Core;
			sourceTree = "<group>";
		};
		D5BC70FF2914F36800D1A11E /* CustomComponents */ = {
			isa = PBXGroup;
			children = (
				D5BC71002914F38700D1A11E /* CustomViewModel.swift */,
			);
			path = CustomComponents;
			sourceTree = "<group>";
		};
		D5BC71092915862500D1A11E /* Sheet */ = {
			isa = PBXGroup;
			children = (
				D5C1E78C29158CD90064B663 /* Controller */,
				D5BC710C2915863700D1A11E /* ViewModel */,
				D5BC710B2915863100D1A11E /* View */,
			);
			path = Sheet;
			sourceTree = "<group>";
		};
		D5BC710B2915863100D1A11E /* View */ = {
			isa = PBXGroup;
			children = (
				D5C1E78E29158CF00064B663 /* ProductSheetViewController.xib */,
			);
			path = View;
			sourceTree = "<group>";
		};
		D5BC710C2915863700D1A11E /* ViewModel */ = {
			isa = PBXGroup;
			children = (
				D5C1E7912915E4F90064B663 /* ProductSheetViewModel.swift */,
			);
			path = ViewModel;
			sourceTree = "<group>";
		};
		D5C1E78C29158CD90064B663 /* Controller */ = {
			isa = PBXGroup;
			children = (
				D5C1E78D29158CF00064B663 /* ProductSheetViewController.swift */,
			);
			path = Controller;
			sourceTree = "<group>";
		};
		D5C4B6A3290C8B6F0024BA17 /* Auth */ = {
			isa = PBXGroup;
			children = (
				D500016B290FB59400CE76BB /* Model */,
				D5000168290ECC7D00CE76BB /* ViewModel */,
				D5C4B6A5290C8B860024BA17 /* Controller */,
				D5C4B6A4290C8B7E0024BA17 /* View */,
			);
			path = Auth;
			sourceTree = "<group>";
		};
		D5C4B6A4290C8B7E0024BA17 /* View */ = {
			isa = PBXGroup;
			children = (
				D5C4B6A7290C8D290024BA17 /* AuthViewController.xib */,
			);
			path = View;
			sourceTree = "<group>";
		};
		D5C4B6A5290C8B860024BA17 /* Controller */ = {
			isa = PBXGroup;
			children = (
				D5C4B6A6290C8D290024BA17 /* AuthViewController.swift */,
			);
			path = Controller;
			sourceTree = "<group>";
		};
		D5F339F9290985D90036EAD5 = {
			isa = PBXGroup;
			children = (
				D5F33A04290985D90036EAD5 /* Shopping-App-Pazarama */,
				D5F33A1E290985DA0036EAD5 /* Shopping-App-PazaramaTests */,
				D5F33A28290985DA0036EAD5 /* Shopping-App-PazaramaUITests */,
				D5F33A03290985D90036EAD5 /* Products */,
				D578600529113FC400E97EC6 /* Frameworks */,
			);
			sourceTree = "<group>";
		};
		D5F33A03290985D90036EAD5 /* Products */ = {
			isa = PBXGroup;
			children = (
				D5F33A02290985D90036EAD5 /* Shopping-App-Pazarama.app */,
				D5F33A1B290985DA0036EAD5 /* Shopping-App-PazaramaTests.xctest */,
				D5F33A25290985DA0036EAD5 /* Shopping-App-PazaramaUITests.xctest */,
			);
			name = Products;
			sourceTree = "<group>";
		};
		D5F33A04290985D90036EAD5 /* Shopping-App-Pazarama */ = {
			isa = PBXGroup;
			children = (
				D5F33A3D290986DE0036EAD5 /* Screens */,
				D5F33A3C290986890036EAD5 /* App */,
				D5F33A0E290985D90036EAD5 /* Shopping_App_Pazarama.xcdatamodeld */,
			);
			path = "Shopping-App-Pazarama";
			sourceTree = "<group>";
		};
		D5F33A1E290985DA0036EAD5 /* Shopping-App-PazaramaTests */ = {
			isa = PBXGroup;
			children = (
				D5F33A1F290985DA0036EAD5 /* Shopping_App_PazaramaTests.swift */,
			);
			path = "Shopping-App-PazaramaTests";
			sourceTree = "<group>";
		};
		D5F33A28290985DA0036EAD5 /* Shopping-App-PazaramaUITests */ = {
			isa = PBXGroup;
			children = (
				D5F33A29290985DA0036EAD5 /* Shopping_App_PazaramaUITests.swift */,
				D5F33A2B290985DA0036EAD5 /* Shopping_App_PazaramaUITestsLaunchTests.swift */,
			);
			path = "Shopping-App-PazaramaUITests";
			sourceTree = "<group>";
		};
		D5F33A38290985E20036EAD5 /* Initial */ = {
			isa = PBXGroup;
			children = (
				D5F33A09290985D90036EAD5 /* ViewController.swift */,
				D5F33A0B290985D90036EAD5 /* Main.storyboard */,
				D5F33A13290985DA0036EAD5 /* LaunchScreen.storyboard */,
			);
			path = Initial;
			sourceTree = "<group>";
		};
		D5F33A39290985F10036EAD5 /* Onboarding */ = {
			isa = PBXGroup;
			children = (
				D5F33A3B290986400036EAD5 /* View */,
				D5F33A3A290986340036EAD5 /* Controller */,
			);
			path = Onboarding;
			sourceTree = "<group>";
		};
		D5F33A3A290986340036EAD5 /* Controller */ = {
			isa = PBXGroup;
			children = (
				D537166B2909C1C7007F1A7A /* OnboardingViewController.swift */,
			);
			path = Controller;
			sourceTree = "<group>";
		};
		D5F33A3B290986400036EAD5 /* View */ = {
			isa = PBXGroup;
			children = (
				D589C8E2290A872E005B4E08 /* OnboardingViewController.xib */,
				D537166F2909C677007F1A7A /* OnboardingView */,
			);
			path = View;
			sourceTree = "<group>";
		};
		D5F33A3C290986890036EAD5 /* App */ = {
			isa = PBXGroup;
			children = (
				D5BC70FE2914444B00D1A11E /* Core */,
				D5BC70FA29143F7900D1A11E /* Plists */,
				D5BC70F929143F3E00D1A11E /* Assets */,
				D5BC70F829143F2E00D1A11E /* Delegates */,
				D5C4B6AD290DA3D90024BA17 /* Shopping App info.plist */,
				D50F1A79290DB3F400706947 /* GoogleService-Info.plist */,
				D5F33A16290985DA0036EAD5 /* Info.plist */,
			);
			path = App;
			sourceTree = "<group>";
		};
		D5F33A3D290986DE0036EAD5 /* Screens */ = {
			isa = PBXGroup;
			children = (
				D552423A291802E40006821B /* Basket */,
				D5BC71092915862500D1A11E /* Sheet */,
				D500017F290FEBB200CE76BB /* Profile */,
				D500017A290FEB9E00CE76BB /* Search */,
				D5000175290FEB2B00CE76BB /* Products */,
				D500016E290FE5CF00CE76BB /* MainPage */,
				D5C4B6A3290C8B6F0024BA17 /* Auth */,
				D5F33A38290985E20036EAD5 /* Initial */,
				D5F33A39290985F10036EAD5 /* Onboarding */,
			);
			path = Screens;
			sourceTree = "<group>";
		};
/* End PBXGroup section */

/* Begin PBXNativeTarget section */
		D5F33A01290985D90036EAD5 /* Shopping-App-Pazarama */ = {
			isa = PBXNativeTarget;
			buildConfigurationList = D5F33A2F290985DA0036EAD5 /* Build configuration list for PBXNativeTarget "Shopping-App-Pazarama" */;
			buildPhases = (
				D5F339FE290985D90036EAD5 /* Sources */,
				D5F339FF290985D90036EAD5 /* Frameworks */,
				D5F33A00290985D90036EAD5 /* Resources */,
				D578600929113FC500E97EC6 /* Embed Frameworks */,
			);
			buildRules = (
			);
			dependencies = (
			);
			name = "Shopping-App-Pazarama";
			packageProductDependencies = (
				D5C4B6B0290DA5F90024BA17 /* FirebaseAuth */,
				D5C4B6B2290DA5F90024BA17 /* FirebaseDatabaseSwift */,
				D5C4B6B4290DA5F90024BA17 /* FirebaseFirestoreSwift */,
				D5C4B6B6290DA5F90024BA17 /* FirebaseRemoteConfigSwift */,
				D5C4B6B8290DA5F90024BA17 /* FirebaseStorage */,
				D5BC7107291560E800D1A11E /* Kingfisher */,
				D5B604922917B6AF005B8786 /* SnapKit */,
			);
			productName = "Shopping-App-Pazarama";
			productReference = D5F33A02290985D90036EAD5 /* Shopping-App-Pazarama.app */;
			productType = "com.apple.product-type.application";
		};
		D5F33A1A290985DA0036EAD5 /* Shopping-App-PazaramaTests */ = {
			isa = PBXNativeTarget;
			buildConfigurationList = D5F33A32290985DA0036EAD5 /* Build configuration list for PBXNativeTarget "Shopping-App-PazaramaTests" */;
			buildPhases = (
				D5F33A17290985DA0036EAD5 /* Sources */,
				D5F33A18290985DA0036EAD5 /* Frameworks */,
				D5F33A19290985DA0036EAD5 /* Resources */,
			);
			buildRules = (
			);
			dependencies = (
				D5F33A1D290985DA0036EAD5 /* PBXTargetDependency */,
			);
			name = "Shopping-App-PazaramaTests";
			productName = "Shopping-App-PazaramaTests";
			productReference = D5F33A1B290985DA0036EAD5 /* Shopping-App-PazaramaTests.xctest */;
			productType = "com.apple.product-type.bundle.unit-test";
		};
		D5F33A24290985DA0036EAD5 /* Shopping-App-PazaramaUITests */ = {
			isa = PBXNativeTarget;
			buildConfigurationList = D5F33A35290985DA0036EAD5 /* Build configuration list for PBXNativeTarget "Shopping-App-PazaramaUITests" */;
			buildPhases = (
				D5F33A21290985DA0036EAD5 /* Sources */,
				D5F33A22290985DA0036EAD5 /* Frameworks */,
				D5F33A23290985DA0036EAD5 /* Resources */,
			);
			buildRules = (
			);
			dependencies = (
				D5F33A27290985DA0036EAD5 /* PBXTargetDependency */,
			);
			name = "Shopping-App-PazaramaUITests";
			productName = "Shopping-App-PazaramaUITests";
			productReference = D5F33A25290985DA0036EAD5 /* Shopping-App-PazaramaUITests.xctest */;
			productType = "com.apple.product-type.bundle.ui-testing";
		};
/* End PBXNativeTarget section */

/* Begin PBXProject section */
		D5F339FA290985D90036EAD5 /* Project object */ = {
			isa = PBXProject;
			attributes = {
				BuildIndependentTargetsInParallel = 1;
				LastSwiftUpdateCheck = 1400;
				LastUpgradeCheck = 1400;
				TargetAttributes = {
					D5F33A01290985D90036EAD5 = {
						CreatedOnToolsVersion = 14.0.1;
					};
					D5F33A1A290985DA0036EAD5 = {
						CreatedOnToolsVersion = 14.0.1;
						TestTargetID = D5F33A01290985D90036EAD5;
					};
					D5F33A24290985DA0036EAD5 = {
						CreatedOnToolsVersion = 14.0.1;
						TestTargetID = D5F33A01290985D90036EAD5;
					};
				};
			};
			buildConfigurationList = D5F339FD290985D90036EAD5 /* Build configuration list for PBXProject "Shopping-App-Pazarama" */;
			compatibilityVersion = "Xcode 14.0";
			developmentRegion = en;
			hasScannedForEncodings = 0;
			knownRegions = (
				en,
				Base,
			);
			mainGroup = D5F339F9290985D90036EAD5;
			packageReferences = (
				D5C4B6AF290DA5F90024BA17 /* XCRemoteSwiftPackageReference "firebase-ios-sdk" */,
				D5BC7106291560E800D1A11E /* XCRemoteSwiftPackageReference "Kingfisher" */,
				D5B604912917B6AF005B8786 /* XCRemoteSwiftPackageReference "SnapKit" */,
			);
			productRefGroup = D5F33A03290985D90036EAD5 /* Products */;
			projectDirPath = "";
			projectRoot = "";
			targets = (
				D5F33A01290985D90036EAD5 /* Shopping-App-Pazarama */,
				D5F33A1A290985DA0036EAD5 /* Shopping-App-PazaramaTests */,
				D5F33A24290985DA0036EAD5 /* Shopping-App-PazaramaUITests */,
			);
		};
/* End PBXProject section */

/* Begin PBXResourcesBuildPhase section */
		D5F33A00290985D90036EAD5 /* Resources */ = {
			isa = PBXResourcesBuildPhase;
			buildActionMask = 2147483647;
			files = (
				D5F33A15290985DA0036EAD5 /* LaunchScreen.storyboard in Resources */,
				D5F33A12290985DA0036EAD5 /* Assets.xcassets in Resources */,
				D50F1A7A290DB3F500706947 /* GoogleService-Info.plist in Resources */,
				D589C8E3290A872E005B4E08 /* OnboardingViewController.xib in Resources */,
				D5000183290FEBC600CE76BB /* ProfileViewController.xib in Resources */,
				D57860162912491100E97EC6 /* ProductsCollectionViewCell.xib in Resources */,
				D5F33A0D290985D90036EAD5 /* Main.storyboard in Resources */,
				D5C4B6AE290DA3D90024BA17 /* Shopping App info.plist in Resources */,
				D5C4B6A9290C8D290024BA17 /* AuthViewController.xib in Resources */,
				D5C1E79029158CF00064B663 /* ProductSheetViewController.xib in Resources */,
				D5EF7E5F29128E7D0044BCF5 /* ProductViewController.xib in Resources */,
				D53716732909C7B1007F1A7A /* OnboardingView.xib in Resources */,
			);
			runOnlyForDeploymentPostprocessing = 0;
		};
		D5F33A19290985DA0036EAD5 /* Resources */ = {
			isa = PBXResourcesBuildPhase;
			buildActionMask = 2147483647;
			files = (
				D50F1A7B290DB3F500706947 /* GoogleService-Info.plist in Resources */,
			);
			runOnlyForDeploymentPostprocessing = 0;
		};
		D5F33A23290985DA0036EAD5 /* Resources */ = {
			isa = PBXResourcesBuildPhase;
			buildActionMask = 2147483647;
			files = (
				D50F1A7C290DB3F500706947 /* GoogleService-Info.plist in Resources */,
			);
			runOnlyForDeploymentPostprocessing = 0;
		};
/* End PBXResourcesBuildPhase section */

/* Begin PBXSourcesBuildPhase section */
		D5F339FE290985D90036EAD5 /* Sources */ = {
			isa = PBXSourcesBuildPhase;
			buildActionMask = 2147483647;
			files = (
				D5BC71052915456300D1A11E /* ProductViewController+UICollectionViewDataSource.swift in Sources */,
				D500016A290ECCA600CE76BB /* AuthViewModel.swift in Sources */,
				D552424529181EE40006821B /* CGFloat+Extensions.swift in Sources */,
				D55242402918033C0006821B /* BasketViewController.swift in Sources */,
				D52157C3291856E900EA1D46 /* FirebaseAuthAccesible.swift in Sources */,
				D552424729181F270006821B /* FireBaseFireStoreAccessible.swift in Sources */,
				D5BC70FD29143FB100D1A11E /* AlertManager.swift in Sources */,
				D552424C29181FB90006821B /* UserDefaultConstants.swift in Sources */,
				D5F33A0A290985D90036EAD5 /* ViewController.swift in Sources */,
				D5000174290FE68700CE76BB /* MainTabBarController.swift in Sources */,
				D5F33A06290985D90036EAD5 /* AppDelegate.swift in Sources */,
				D5B6049D2917F77C005B8786 /* SearchProductsViewController.swift in Sources */,
				D537166D2909C1C7007F1A7A /* OnboardingViewController.swift in Sources */,
				D5BC7103291544D700D1A11E /* ProductControllerView+UICollectionViewDelegate.swift in Sources */,
				D5EF7E5E29128E7D0044BCF5 /* ProductViewController.swift in Sources */,
				D5C4B6A8290C8D290024BA17 /* AuthViewController.swift in Sources */,
				D500016D290FB5BC00CE76BB /* User.swift in Sources */,
				D55242422918074D0006821B /* BasketViewModel.swift in Sources */,
				D5C1E7922915E4F90064B663 /* ProductSheetViewModel.swift in Sources */,
				D5B6048D2917B545005B8786 /* SearchView.swift in Sources */,
				D5B604902917B60A005B8786 /* SearchCollectionViewCell.swift in Sources */,
				D53716712909C7A1007F1A7A /* OnboardingView.swift in Sources */,
				D5000182290FEBC600CE76BB /* ProfileViewController.swift in Sources */,
				D5F33A10290985D90036EAD5 /* Shopping_App_Pazarama.xcdatamodeld in Sources */,
				D57860152912491100E97EC6 /* ProductsCollectionViewCell.swift in Sources */,
				D5F33A08290985D90036EAD5 /* SceneDelegate.swift in Sources */,
				D5BC71012914F38700D1A11E /* CustomViewModel.swift in Sources */,
				D5B604972917BC3A005B8786 /* SearchProductsViewModel.swift in Sources */,
				D552424929181F660006821B /* UserDefaultsAccessible.swift in Sources */,
				D5C1E78F29158CF00064B663 /* ProductSheetViewController.swift in Sources */,
				D578600E291143AF00E97EC6 /* Product.swift in Sources */,
				D5786011291148C500E97EC6 /* ProductViewModel.swift in Sources */,
			);
			runOnlyForDeploymentPostprocessing = 0;
		};
		D5F33A17290985DA0036EAD5 /* Sources */ = {
			isa = PBXSourcesBuildPhase;
			buildActionMask = 2147483647;
			files = (
				D5F33A20290985DA0036EAD5 /* Shopping_App_PazaramaTests.swift in Sources */,
			);
			runOnlyForDeploymentPostprocessing = 0;
		};
		D5F33A21290985DA0036EAD5 /* Sources */ = {
			isa = PBXSourcesBuildPhase;
			buildActionMask = 2147483647;
			files = (
				D5F33A2A290985DA0036EAD5 /* Shopping_App_PazaramaUITests.swift in Sources */,
				D5F33A2C290985DA0036EAD5 /* Shopping_App_PazaramaUITestsLaunchTests.swift in Sources */,
			);
			runOnlyForDeploymentPostprocessing = 0;
		};
/* End PBXSourcesBuildPhase section */

/* Begin PBXTargetDependency section */
		D5F33A1D290985DA0036EAD5 /* PBXTargetDependency */ = {
			isa = PBXTargetDependency;
			target = D5F33A01290985D90036EAD5 /* Shopping-App-Pazarama */;
			targetProxy = D5F33A1C290985DA0036EAD5 /* PBXContainerItemProxy */;
		};
		D5F33A27290985DA0036EAD5 /* PBXTargetDependency */ = {
			isa = PBXTargetDependency;
			target = D5F33A01290985D90036EAD5 /* Shopping-App-Pazarama */;
			targetProxy = D5F33A26290985DA0036EAD5 /* PBXContainerItemProxy */;
		};
/* End PBXTargetDependency section */

/* Begin PBXVariantGroup section */
		D5F33A0B290985D90036EAD5 /* Main.storyboard */ = {
			isa = PBXVariantGroup;
			children = (
				D5F33A0C290985D90036EAD5 /* Base */,
			);
			name = Main.storyboard;
			sourceTree = "<group>";
		};
		D5F33A13290985DA0036EAD5 /* LaunchScreen.storyboard */ = {
			isa = PBXVariantGroup;
			children = (
				D5F33A14290985DA0036EAD5 /* Base */,
			);
			name = LaunchScreen.storyboard;
			sourceTree = "<group>";
		};
/* End PBXVariantGroup section */

/* Begin XCBuildConfiguration section */
		D5F33A2D290985DA0036EAD5 /* Debug */ = {
			isa = XCBuildConfiguration;
			buildSettings = {
				ALWAYS_SEARCH_USER_PATHS = NO;
				CLANG_ANALYZER_NONNULL = YES;
				CLANG_ANALYZER_NUMBER_OBJECT_CONVERSION = YES_AGGRESSIVE;
				CLANG_CXX_LANGUAGE_STANDARD = "gnu++20";
				CLANG_ENABLE_MODULES = YES;
				CLANG_ENABLE_OBJC_ARC = YES;
				CLANG_ENABLE_OBJC_WEAK = YES;
				CLANG_WARN_BLOCK_CAPTURE_AUTORELEASING = YES;
				CLANG_WARN_BOOL_CONVERSION = YES;
				CLANG_WARN_COMMA = YES;
				CLANG_WARN_CONSTANT_CONVERSION = YES;
				CLANG_WARN_DEPRECATED_OBJC_IMPLEMENTATIONS = YES;
				CLANG_WARN_DIRECT_OBJC_ISA_USAGE = YES_ERROR;
				CLANG_WARN_DOCUMENTATION_COMMENTS = YES;
				CLANG_WARN_EMPTY_BODY = YES;
				CLANG_WARN_ENUM_CONVERSION = YES;
				CLANG_WARN_INFINITE_RECURSION = YES;
				CLANG_WARN_INT_CONVERSION = YES;
				CLANG_WARN_NON_LITERAL_NULL_CONVERSION = YES;
				CLANG_WARN_OBJC_IMPLICIT_RETAIN_SELF = YES;
				CLANG_WARN_OBJC_LITERAL_CONVERSION = YES;
				CLANG_WARN_OBJC_ROOT_CLASS = YES_ERROR;
				CLANG_WARN_QUOTED_INCLUDE_IN_FRAMEWORK_HEADER = YES;
				CLANG_WARN_RANGE_LOOP_ANALYSIS = YES;
				CLANG_WARN_STRICT_PROTOTYPES = YES;
				CLANG_WARN_SUSPICIOUS_MOVE = YES;
				CLANG_WARN_UNGUARDED_AVAILABILITY = YES_AGGRESSIVE;
				CLANG_WARN_UNREACHABLE_CODE = YES;
				CLANG_WARN__DUPLICATE_METHOD_MATCH = YES;
				COPY_PHASE_STRIP = NO;
				DEBUG_INFORMATION_FORMAT = dwarf;
				ENABLE_STRICT_OBJC_MSGSEND = YES;
				ENABLE_TESTABILITY = YES;
				GCC_C_LANGUAGE_STANDARD = gnu11;
				GCC_DYNAMIC_NO_PIC = NO;
				GCC_NO_COMMON_BLOCKS = YES;
				GCC_OPTIMIZATION_LEVEL = 0;
				GCC_PREPROCESSOR_DEFINITIONS = (
					"DEBUG=1",
					"$(inherited)",
				);
				GCC_WARN_64_TO_32_BIT_CONVERSION = YES;
				GCC_WARN_ABOUT_RETURN_TYPE = YES_ERROR;
				GCC_WARN_UNDECLARED_SELECTOR = YES;
				GCC_WARN_UNINITIALIZED_AUTOS = YES_AGGRESSIVE;
				GCC_WARN_UNUSED_FUNCTION = YES;
				GCC_WARN_UNUSED_VARIABLE = YES;
				IPHONEOS_DEPLOYMENT_TARGET = 16.0;
				MTL_ENABLE_DEBUG_INFO = INCLUDE_SOURCE;
				MTL_FAST_MATH = YES;
				ONLY_ACTIVE_ARCH = YES;
				SDKROOT = iphoneos;
				SWIFT_ACTIVE_COMPILATION_CONDITIONS = DEBUG;
				SWIFT_OPTIMIZATION_LEVEL = "-Onone";
			};
			name = Debug;
		};
		D5F33A2E290985DA0036EAD5 /* Release */ = {
			isa = XCBuildConfiguration;
			buildSettings = {
				ALWAYS_SEARCH_USER_PATHS = NO;
				CLANG_ANALYZER_NONNULL = YES;
				CLANG_ANALYZER_NUMBER_OBJECT_CONVERSION = YES_AGGRESSIVE;
				CLANG_CXX_LANGUAGE_STANDARD = "gnu++20";
				CLANG_ENABLE_MODULES = YES;
				CLANG_ENABLE_OBJC_ARC = YES;
				CLANG_ENABLE_OBJC_WEAK = YES;
				CLANG_WARN_BLOCK_CAPTURE_AUTORELEASING = YES;
				CLANG_WARN_BOOL_CONVERSION = YES;
				CLANG_WARN_COMMA = YES;
				CLANG_WARN_CONSTANT_CONVERSION = YES;
				CLANG_WARN_DEPRECATED_OBJC_IMPLEMENTATIONS = YES;
				CLANG_WARN_DIRECT_OBJC_ISA_USAGE = YES_ERROR;
				CLANG_WARN_DOCUMENTATION_COMMENTS = YES;
				CLANG_WARN_EMPTY_BODY = YES;
				CLANG_WARN_ENUM_CONVERSION = YES;
				CLANG_WARN_INFINITE_RECURSION = YES;
				CLANG_WARN_INT_CONVERSION = YES;
				CLANG_WARN_NON_LITERAL_NULL_CONVERSION = YES;
				CLANG_WARN_OBJC_IMPLICIT_RETAIN_SELF = YES;
				CLANG_WARN_OBJC_LITERAL_CONVERSION = YES;
				CLANG_WARN_OBJC_ROOT_CLASS = YES_ERROR;
				CLANG_WARN_QUOTED_INCLUDE_IN_FRAMEWORK_HEADER = YES;
				CLANG_WARN_RANGE_LOOP_ANALYSIS = YES;
				CLANG_WARN_STRICT_PROTOTYPES = YES;
				CLANG_WARN_SUSPICIOUS_MOVE = YES;
				CLANG_WARN_UNGUARDED_AVAILABILITY = YES_AGGRESSIVE;
				CLANG_WARN_UNREACHABLE_CODE = YES;
				CLANG_WARN__DUPLICATE_METHOD_MATCH = YES;
				COPY_PHASE_STRIP = NO;
				DEBUG_INFORMATION_FORMAT = "dwarf-with-dsym";
				ENABLE_NS_ASSERTIONS = NO;
				ENABLE_STRICT_OBJC_MSGSEND = YES;
				GCC_C_LANGUAGE_STANDARD = gnu11;
				GCC_NO_COMMON_BLOCKS = YES;
				GCC_WARN_64_TO_32_BIT_CONVERSION = YES;
				GCC_WARN_ABOUT_RETURN_TYPE = YES_ERROR;
				GCC_WARN_UNDECLARED_SELECTOR = YES;
				GCC_WARN_UNINITIALIZED_AUTOS = YES_AGGRESSIVE;
				GCC_WARN_UNUSED_FUNCTION = YES;
				GCC_WARN_UNUSED_VARIABLE = YES;
				IPHONEOS_DEPLOYMENT_TARGET = 16.0;
				MTL_ENABLE_DEBUG_INFO = NO;
				MTL_FAST_MATH = YES;
				SDKROOT = iphoneos;
				SWIFT_COMPILATION_MODE = wholemodule;
				SWIFT_OPTIMIZATION_LEVEL = "-O";
				VALIDATE_PRODUCT = YES;
			};
			name = Release;
		};
		D5F33A30290985DA0036EAD5 /* Debug */ = {
			isa = XCBuildConfiguration;
			buildSettings = {
				ASSETCATALOG_COMPILER_APPICON_NAME = AppIcon;
				ASSETCATALOG_COMPILER_GLOBAL_ACCENT_COLOR_NAME = AccentColor;
				CODE_SIGN_STYLE = Automatic;
				CURRENT_PROJECT_VERSION = 1;
				DEVELOPMENT_TEAM = SZASM9TWAT;
				GENERATE_INFOPLIST_FILE = YES;
				INFOPLIST_FILE = "Shopping-App-Pazarama/App/Info.plist";
				INFOPLIST_KEY_UIApplicationSupportsIndirectInputEvents = YES;
				INFOPLIST_KEY_UILaunchStoryboardName = LaunchScreen;
				INFOPLIST_KEY_UIMainStoryboardFile = Main;
				INFOPLIST_KEY_UISupportedInterfaceOrientations_iPad = "UIInterfaceOrientationPortrait UIInterfaceOrientationPortraitUpsideDown UIInterfaceOrientationLandscapeLeft UIInterfaceOrientationLandscapeRight";
				INFOPLIST_KEY_UISupportedInterfaceOrientations_iPhone = "UIInterfaceOrientationPortrait UIInterfaceOrientationLandscapeLeft UIInterfaceOrientationLandscapeRight";
				IPHONEOS_DEPLOYMENT_TARGET = 13.0;
				LD_RUNPATH_SEARCH_PATHS = (
					"$(inherited)",
					"@executable_path/Frameworks",
				);
				MARKETING_VERSION = 1.0;
				PRODUCT_BUNDLE_IDENTIFIER = "com.aniloncul.Shopping-App-Pazarama";
				PRODUCT_NAME = "$(TARGET_NAME)";
				SWIFT_EMIT_LOC_STRINGS = YES;
				SWIFT_VERSION = 5.0;
				TARGETED_DEVICE_FAMILY = "1,2";
			};
			name = Debug;
		};
		D5F33A31290985DA0036EAD5 /* Release */ = {
			isa = XCBuildConfiguration;
			buildSettings = {
				ASSETCATALOG_COMPILER_APPICON_NAME = AppIcon;
				ASSETCATALOG_COMPILER_GLOBAL_ACCENT_COLOR_NAME = AccentColor;
				CODE_SIGN_STYLE = Automatic;
				CURRENT_PROJECT_VERSION = 1;
				DEVELOPMENT_TEAM = SZASM9TWAT;
				GENERATE_INFOPLIST_FILE = YES;
				INFOPLIST_FILE = "Shopping-App-Pazarama/App/Info.plist";
				INFOPLIST_KEY_UIApplicationSupportsIndirectInputEvents = YES;
				INFOPLIST_KEY_UILaunchStoryboardName = LaunchScreen;
				INFOPLIST_KEY_UIMainStoryboardFile = Main;
				INFOPLIST_KEY_UISupportedInterfaceOrientations_iPad = "UIInterfaceOrientationPortrait UIInterfaceOrientationPortraitUpsideDown UIInterfaceOrientationLandscapeLeft UIInterfaceOrientationLandscapeRight";
				INFOPLIST_KEY_UISupportedInterfaceOrientations_iPhone = "UIInterfaceOrientationPortrait UIInterfaceOrientationLandscapeLeft UIInterfaceOrientationLandscapeRight";
				IPHONEOS_DEPLOYMENT_TARGET = 13.0;
				LD_RUNPATH_SEARCH_PATHS = (
					"$(inherited)",
					"@executable_path/Frameworks",
				);
				MARKETING_VERSION = 1.0;
				PRODUCT_BUNDLE_IDENTIFIER = "com.aniloncul.Shopping-App-Pazarama";
				PRODUCT_NAME = "$(TARGET_NAME)";
				SWIFT_EMIT_LOC_STRINGS = YES;
				SWIFT_VERSION = 5.0;
				TARGETED_DEVICE_FAMILY = "1,2";
			};
			name = Release;
		};
		D5F33A33290985DA0036EAD5 /* Debug */ = {
			isa = XCBuildConfiguration;
			buildSettings = {
				ALWAYS_EMBED_SWIFT_STANDARD_LIBRARIES = YES;
				BUNDLE_LOADER = "$(TEST_HOST)";
				CODE_SIGN_STYLE = Automatic;
				CURRENT_PROJECT_VERSION = 1;
				DEVELOPMENT_TEAM = SZASM9TWAT;
				GENERATE_INFOPLIST_FILE = YES;
				IPHONEOS_DEPLOYMENT_TARGET = 16.0;
				MARKETING_VERSION = 1.0;
				PRODUCT_BUNDLE_IDENTIFIER = "com.aniloncul.Shopping-App-PazaramaTests";
				PRODUCT_NAME = "$(TARGET_NAME)";
				SWIFT_EMIT_LOC_STRINGS = NO;
				SWIFT_VERSION = 5.0;
				TARGETED_DEVICE_FAMILY = "1,2";
				TEST_HOST = "$(BUILT_PRODUCTS_DIR)/Shopping-App-Pazarama.app/$(BUNDLE_EXECUTABLE_FOLDER_PATH)/Shopping-App-Pazarama";
			};
			name = Debug;
		};
		D5F33A34290985DA0036EAD5 /* Release */ = {
			isa = XCBuildConfiguration;
			buildSettings = {
				ALWAYS_EMBED_SWIFT_STANDARD_LIBRARIES = YES;
				BUNDLE_LOADER = "$(TEST_HOST)";
				CODE_SIGN_STYLE = Automatic;
				CURRENT_PROJECT_VERSION = 1;
				DEVELOPMENT_TEAM = SZASM9TWAT;
				GENERATE_INFOPLIST_FILE = YES;
				IPHONEOS_DEPLOYMENT_TARGET = 16.0;
				MARKETING_VERSION = 1.0;
				PRODUCT_BUNDLE_IDENTIFIER = "com.aniloncul.Shopping-App-PazaramaTests";
				PRODUCT_NAME = "$(TARGET_NAME)";
				SWIFT_EMIT_LOC_STRINGS = NO;
				SWIFT_VERSION = 5.0;
				TARGETED_DEVICE_FAMILY = "1,2";
				TEST_HOST = "$(BUILT_PRODUCTS_DIR)/Shopping-App-Pazarama.app/$(BUNDLE_EXECUTABLE_FOLDER_PATH)/Shopping-App-Pazarama";
			};
			name = Release;
		};
		D5F33A36290985DA0036EAD5 /* Debug */ = {
			isa = XCBuildConfiguration;
			buildSettings = {
				ALWAYS_EMBED_SWIFT_STANDARD_LIBRARIES = YES;
				CODE_SIGN_STYLE = Automatic;
				CURRENT_PROJECT_VERSION = 1;
				DEVELOPMENT_TEAM = SZASM9TWAT;
				GENERATE_INFOPLIST_FILE = YES;
				MARKETING_VERSION = 1.0;
				PRODUCT_BUNDLE_IDENTIFIER = "com.aniloncul.Shopping-App-PazaramaUITests";
				PRODUCT_NAME = "$(TARGET_NAME)";
				SWIFT_EMIT_LOC_STRINGS = NO;
				SWIFT_VERSION = 5.0;
				TARGETED_DEVICE_FAMILY = "1,2";
				TEST_TARGET_NAME = "Shopping-App-Pazarama";
			};
			name = Debug;
		};
		D5F33A37290985DA0036EAD5 /* Release */ = {
			isa = XCBuildConfiguration;
			buildSettings = {
				ALWAYS_EMBED_SWIFT_STANDARD_LIBRARIES = YES;
				CODE_SIGN_STYLE = Automatic;
				CURRENT_PROJECT_VERSION = 1;
				DEVELOPMENT_TEAM = SZASM9TWAT;
				GENERATE_INFOPLIST_FILE = YES;
				MARKETING_VERSION = 1.0;
				PRODUCT_BUNDLE_IDENTIFIER = "com.aniloncul.Shopping-App-PazaramaUITests";
				PRODUCT_NAME = "$(TARGET_NAME)";
				SWIFT_EMIT_LOC_STRINGS = NO;
				SWIFT_VERSION = 5.0;
				TARGETED_DEVICE_FAMILY = "1,2";
				TEST_TARGET_NAME = "Shopping-App-Pazarama";
			};
			name = Release;
		};
/* End XCBuildConfiguration section */

/* Begin XCConfigurationList section */
		D5F339FD290985D90036EAD5 /* Build configuration list for PBXProject "Shopping-App-Pazarama" */ = {
			isa = XCConfigurationList;
			buildConfigurations = (
				D5F33A2D290985DA0036EAD5 /* Debug */,
				D5F33A2E290985DA0036EAD5 /* Release */,
			);
			defaultConfigurationIsVisible = 0;
			defaultConfigurationName = Release;
		};
		D5F33A2F290985DA0036EAD5 /* Build configuration list for PBXNativeTarget "Shopping-App-Pazarama" */ = {
			isa = XCConfigurationList;
			buildConfigurations = (
				D5F33A30290985DA0036EAD5 /* Debug */,
				D5F33A31290985DA0036EAD5 /* Release */,
			);
			defaultConfigurationIsVisible = 0;
			defaultConfigurationName = Release;
		};
		D5F33A32290985DA0036EAD5 /* Build configuration list for PBXNativeTarget "Shopping-App-PazaramaTests" */ = {
			isa = XCConfigurationList;
			buildConfigurations = (
				D5F33A33290985DA0036EAD5 /* Debug */,
				D5F33A34290985DA0036EAD5 /* Release */,
			);
			defaultConfigurationIsVisible = 0;
			defaultConfigurationName = Release;
		};
		D5F33A35290985DA0036EAD5 /* Build configuration list for PBXNativeTarget "Shopping-App-PazaramaUITests" */ = {
			isa = XCConfigurationList;
			buildConfigurations = (
				D5F33A36290985DA0036EAD5 /* Debug */,
				D5F33A37290985DA0036EAD5 /* Release */,
			);
			defaultConfigurationIsVisible = 0;
			defaultConfigurationName = Release;
		};
/* End XCConfigurationList section */

/* Begin XCRemoteSwiftPackageReference section */
		D5B604912917B6AF005B8786 /* XCRemoteSwiftPackageReference "SnapKit" */ = {
			isa = XCRemoteSwiftPackageReference;
			repositoryURL = "https://github.com/SnapKit/SnapKit.git";
			requirement = {
				kind = upToNextMajorVersion;
				minimumVersion = 5.0.1;
			};
		};
		D5BC7106291560E800D1A11E /* XCRemoteSwiftPackageReference "Kingfisher" */ = {
			isa = XCRemoteSwiftPackageReference;
			repositoryURL = "https://github.com/onevcat/Kingfisher.git";
			requirement = {
				kind = upToNextMajorVersion;
				minimumVersion = 7.0.0;
			};
		};
		D5C4B6AF290DA5F90024BA17 /* XCRemoteSwiftPackageReference "firebase-ios-sdk" */ = {
			isa = XCRemoteSwiftPackageReference;
			repositoryURL = "https://github.com/firebase/firebase-ios-sdk";
			requirement = {
				kind = upToNextMajorVersion;
				minimumVersion = 9.0.0;
			};
		};
/* End XCRemoteSwiftPackageReference section */

/* Begin XCSwiftPackageProductDependency section */
		D5B604922917B6AF005B8786 /* SnapKit */ = {
			isa = XCSwiftPackageProductDependency;
			package = D5B604912917B6AF005B8786 /* XCRemoteSwiftPackageReference "SnapKit" */;
			productName = SnapKit;
		};
		D5BC7107291560E800D1A11E /* Kingfisher */ = {
			isa = XCSwiftPackageProductDependency;
			package = D5BC7106291560E800D1A11E /* XCRemoteSwiftPackageReference "Kingfisher" */;
			productName = Kingfisher;
		};
		D5C4B6B0290DA5F90024BA17 /* FirebaseAuth */ = {
			isa = XCSwiftPackageProductDependency;
			package = D5C4B6AF290DA5F90024BA17 /* XCRemoteSwiftPackageReference "firebase-ios-sdk" */;
			productName = FirebaseAuth;
		};
		D5C4B6B2290DA5F90024BA17 /* FirebaseDatabaseSwift */ = {
			isa = XCSwiftPackageProductDependency;
			package = D5C4B6AF290DA5F90024BA17 /* XCRemoteSwiftPackageReference "firebase-ios-sdk" */;
			productName = FirebaseDatabaseSwift;
		};
		D5C4B6B4290DA5F90024BA17 /* FirebaseFirestoreSwift */ = {
			isa = XCSwiftPackageProductDependency;
			package = D5C4B6AF290DA5F90024BA17 /* XCRemoteSwiftPackageReference "firebase-ios-sdk" */;
			productName = FirebaseFirestoreSwift;
		};
		D5C4B6B6290DA5F90024BA17 /* FirebaseRemoteConfigSwift */ = {
			isa = XCSwiftPackageProductDependency;
			package = D5C4B6AF290DA5F90024BA17 /* XCRemoteSwiftPackageReference "firebase-ios-sdk" */;
			productName = FirebaseRemoteConfigSwift;
		};
		D5C4B6B8290DA5F90024BA17 /* FirebaseStorage */ = {
			isa = XCSwiftPackageProductDependency;
			package = D5C4B6AF290DA5F90024BA17 /* XCRemoteSwiftPackageReference "firebase-ios-sdk" */;
			productName = FirebaseStorage;
		};
/* End XCSwiftPackageProductDependency section */

/* Begin XCVersionGroup section */
		D5F33A0E290985D90036EAD5 /* Shopping_App_Pazarama.xcdatamodeld */ = {
			isa = XCVersionGroup;
			children = (
				D5F33A0F290985D90036EAD5 /* Shopping_App_Pazarama.xcdatamodel */,
			);
			currentVersion = D5F33A0F290985D90036EAD5 /* Shopping_App_Pazarama.xcdatamodel */;
			path = Shopping_App_Pazarama.xcdatamodeld;
			sourceTree = "<group>";
			versionGroupType = wrapper.xcdatamodel;
		};
/* End XCVersionGroup section */
	};
	rootObject = D5F339FA290985D90036EAD5 /* Project object */;
}
